
Microsoft Visual Studio Solution File, Format Version 12.00
# Visual Studio for Mac
Project("{FAE04EC0-301F-11D3-BF4B-00C04F79EFBC}") = "PhotonUnityNetworking.Demos", "PhotonUnityNetworking.Demos.csproj", "{E7B83C39-DA4E-36F9-A89C-7C659B7827AC}"
EndProject
Project("{FAE04EC0-301F-11D3-BF4B-00C04F79EFBC}") = "PhotonUnityNetworking.Utilities", "PhotonUnityNetworking.Utilities.csproj", "{2145FB06-3B86-46F4-C687-E8C6CE5B503F}"
EndProject
Project("{FAE04EC0-301F-11D3-BF4B-00C04F79EFBC}") = "PhotonChat", "PhotonChat.csproj", "{C7DABE1A-8E87-332B-D628-77A0FECC188C}"
EndProject
Project("{FAE04EC0-301F-11D3-BF4B-00C04F79EFBC}") = "PhotonUnityNetworking", "PhotonUnityNetworking.csproj", "{3C825A17-A736-7697-C773-1D3A2F58C482}"
EndProject
Project("{FAE04EC0-301F-11D3-BF4B-00C04F79EFBC}") = "Assembly-CSharp", "Assembly-CSharp.csproj", "{2E6525CD-FF2F-3D98-BFB0-971CC7B33E07}"
EndProject
Project("{FAE04EC0-301F-11D3-BF4B-00C04F79EFBC}") = "PhotonRealtime", "PhotonRealtime.csproj", "{B43570C9-E9A5-5632-C368-77E9CD140E48}"
EndProject
Project("{FAE04EC0-301F-11D3-BF4B-00C04F79EFBC}") = "PhotonWebSocket", "PhotonWebSocket.csproj", "{62C51260-5041-58E7-5440-6FD6D3D157EF}"
EndProject
Project("{FAE04EC0-301F-11D3-BF4B-00C04F79EFBC}") = "PhotonUnityNetworking.Editor", "PhotonUnityNetworking.Editor.csproj", "{1628A61B-A67B-1B57-0269-4B79EB113719}"
EndProject
Project("{FAE04EC0-301F-11D3-BF4B-00C04F79EFBC}") = "PunDemos.DemoHubEditor", "PunDemos.DemoHubEditor.csproj", "{4710F0A0-D2EC-23DF-DD6C-5E205094812D}"
EndProject
Project("{FAE04EC0-301F-11D3-BF4B-00C04F79EFBC}") = "PhotonUnityNetworking.Utilities.PhotonPlayer.Editor", "PhotonUnityNetworking.Utilities.PhotonPlayer.Editor.csproj", "{892ECB0C-B948-F4CB-66E4-4EB3FE8A26EB}"
EndProject
Project("{FAE04EC0-301F-11D3-BF4B-00C04F79EFBC}") = "PhotonUnityNetworking.Utilities.Culling.Editor", "PhotonUnityNetworking.Utilities.Culling.Editor.csproj", "{D5C8EBFB-75CD-8C90-4925-D0C920C14FC5}"
EndProject
Project("{FAE04EC0-301F-11D3-BF4B-00C04F79EFBC}") = "PunDemos.DemoSlotcarEditor", "PunDemos.DemoSlotcarEditor.csproj", "{1BCF8344-51E0-225C-BDA4-FB25FEB560AD}"
EndProject
Global
	GlobalSection(SolutionConfigurationPlatforms) = preSolution
		Debug|Any CPU = Debug|Any CPU
		Release|Any CPU = Release|Any CPU
	EndGlobalSection
	GlobalSection(ProjectConfigurationPlatforms) = postSolution
		{E7B83C39-DA4E-36F9-A89C-7C659B7827AC}.Debug|Any CPU.ActiveCfg = Debug|Any CPU
		{E7B83C39-DA4E-36F9-A89C-7C659B7827AC}.Debug|Any CPU.Build.0 = Debug|Any CPU
		{E7B83C39-DA4E-36F9-A89C-7C659B7827AC}.Release|Any CPU.ActiveCfg = Release|Any CPU
		{E7B83C39-DA4E-36F9-A89C-7C659B7827AC}.Release|Any CPU.Build.0 = Release|Any CPU
		{2145FB06-3B86-46F4-C687-E8C6CE5B503F}.Debug|Any CPU.ActiveCfg = Debug|Any CPU
		{2145FB06-3B86-46F4-C687-E8C6CE5B503F}.Debug|Any CPU.Build.0 = Debug|Any CPU
		{2145FB06-3B86-46F4-C687-E8C6CE5B503F}.Release|Any CPU.ActiveCfg = Release|Any CPU
		{2145FB06-3B86-46F4-C687-E8C6CE5B503F}.Release|Any CPU.Build.0 = Release|Any CPU
		{C7DABE1A-8E87-332B-D628-77A0FECC188C}.Debug|Any CPU.ActiveCfg = Debug|Any CPU
		{C7DABE1A-8E87-332B-D628-77A0FECC188C}.Debug|Any CPU.Build.0 = Debug|Any CPU
		{C7DABE1A-8E87-332B-D628-77A0FECC188C}.Release|Any CPU.ActiveCfg = Release|Any CPU
		{C7DABE1A-8E87-332B-D628-77A0FECC188C}.Release|Any CPU.Build.0 = Release|Any CPU
		{3C825A17-A736-7697-C773-1D3A2F58C482}.Debug|Any CPU.ActiveCfg = Debug|Any CPU
		{3C825A17-A736-7697-C773-1D3A2F58C482}.Debug|Any CPU.Build.0 = Debug|Any CPU
		{3C825A17-A736-7697-C773-1D3A2F58C482}.Release|Any CPU.ActiveCfg = Release|Any CPU
		{3C825A17-A736-7697-C773-1D3A2F58C482}.Release|Any CPU.Build.0 = Release|Any CPU
		{2E6525CD-FF2F-3D98-BFB0-971CC7B33E07}.Debug|Any CPU.ActiveCfg = Debug|Any CPU
		{2E6525CD-FF2F-3D98-BFB0-971CC7B33E07}.Debug|Any CPU.Build.0 = Debug|Any CPU
		{2E6525CD-FF2F-3D98-BFB0-971CC7B33E07}.Release|Any CPU.ActiveCfg = Release|Any CPU
		{2E6525CD-FF2F-3D98-BFB0-971CC7B33E07}.Release|Any CPU.Build.0 = Release|Any CPU
		{B43570C9-E9A5-5632-C368-77E9CD140E48}.Debug|Any CPU.ActiveCfg = Debug|Any CPU
		{B43570C9-E9A5-5632-C368-77E9CD140E48}.Debug|Any CPU.Build.0 = Debug|Any CPU
		{B43570C9-E9A5-5632-C368-77E9CD140E48}.Release|Any CPU.ActiveCfg = Release|Any CPU
		{B43570C9-E9A5-5632-C368-77E9CD140E48}.Release|Any CPU.Build.0 = Release|Any CPU
		{62C51260-5041-58E7-5440-6FD6D3D157EF}.Debug|Any CPU.ActiveCfg = Debug|Any CPU
		{62C51260-5041-58E7-5440-6FD6D3D157EF}.Debug|Any CPU.Build.0 = Debug|Any CPU
		{62C51260-5041-58E7-5440-6FD6D3D157EF}.Release|Any CPU.ActiveCfg = Release|Any CPU
		{62C51260-5041-58E7-5440-6FD6D3D157EF}.Release|Any CPU.Build.0 = Release|Any CPU
		{1628A61B-A67B-1B57-0269-4B79EB113719}.Debug|Any CPU.ActiveCfg = Debug|Any CPU
		{1628A61B-A67B-1B57-0269-4B79EB113719}.Debug|Any CPU.Build.0 = Debug|Any CPU
		{1628A61B-A67B-1B57-0269-4B79EB113719}.Release|Any CPU.ActiveCfg = Release|Any CPU
		{1628A61B-A67B-1B57-0269-4B79EB113719}.Release|Any CPU.Build.0 = Release|Any CPU
		{4710F0A0-D2EC-23DF-DD6C-5E205094812D}.Debug|Any CPU.ActiveCfg = Debug|Any CPU
		{4710F0A0-D2EC-23DF-DD6C-5E205094812D}.Debug|Any CPU.Build.0 = Debug|Any CPU
		{4710F0A0-D2EC-23DF-DD6C-5E205094812D}.Release|Any CPU.ActiveCfg = Release|Any CPU
		{4710F0A0-D2EC-23DF-DD6C-5E205094812D}.Release|Any CPU.Build.0 = Release|Any CPU
		{892ECB0C-B948-F4CB-66E4-4EB3FE8A26EB}.Debug|Any CPU.ActiveCfg = Debug|Any CPU
		{892ECB0C-B948-F4CB-66E4-4EB3FE8A26EB}.Debug|Any CPU.Build.0 = Debug|Any CPU
		{892ECB0C-B948-F4CB-66E4-4EB3FE8A26EB}.Release|Any CPU.ActiveCfg = Release|Any CPU
		{892ECB0C-B948-F4CB-66E4-4EB3FE8A26EB}.Release|Any CPU.Build.0 = Release|Any CPU
		{D5C8EBFB-75CD-8C90-4925-D0C920C14FC5}.Debug|Any CPU.ActiveCfg = Debug|Any CPU
		{D5C8EBFB-75CD-8C90-4925-D0C920C14FC5}.Debug|Any CPU.Build.0 = Debug|Any CPU
		{D5C8EBFB-75CD-8C90-4925-D0C920C14FC5}.Release|Any CPU.ActiveCfg = Release|Any CPU
		{D5C8EBFB-75CD-8C90-4925-D0C920C14FC5}.Release|Any CPU.Build.0 = Release|Any CPU
		{1BCF8344-51E0-225C-BDA4-FB25FEB560AD}.Debug|Any CPU.ActiveCfg = Debug|Any CPU
		{1BCF8344-51E0-225C-BDA4-FB25FEB560AD}.Debug|Any CPU.Build.0 = Debug|Any CPU
		{1BCF8344-51E0-225C-BDA4-FB25FEB560AD}.Release|Any CPU.ActiveCfg = Release|Any CPU
		{1BCF8344-51E0-225C-BDA4-FB25FEB560AD}.Release|Any CPU.Build.0 = Release|Any CPU
	EndGlobalSection
	GlobalSection(SolutionProperties) = preSolution
		HideSolutionNode = FALSE
	EndGlobalSection
EndGlobal
